// !$*UTF8*$!
{
	archiveVersion = 1;
	classes = {
	};
	objectVersion = 77;
	objects = {

/* Begin PBXBuildFile section */
		C7649DBB2FC2027B0046AADE /* FirebaseAnalytics in Frameworks */ = {isa = PBXBuildFile; productRef = C7649DBA2FC2027B0046AADE /* FirebaseAnalytics */; };
		C7649DBD2FC2027B0046AADE /* FirebaseCrashlytics in Frameworks */ = {isa = PBXBuildFile; productRef = C7649DBC2FC2027B0046AADE /* FirebaseCrashlytics */; };
		C7649DBF2FC2027B0046AADE /* FirebasePerformance in Frameworks */ = {isa = PBXBuildFile; productRef = C7649DBE2FC2027B0046AADE /* FirebasePerformance */; };
		C7FD6D5F2FB772BB00AB4030 /* Networking in Frameworks */ = {isa = PBXBuildFile; productRef = C7FD6D5E2FB772BB00AB4030 /* Networking */; };
/* End PBXBuildFile section */

/* Begin PBXContainerItemProxy section */
		C7BF68062FD1E2F5003FAEF2 /* PBXContainerItemProxy */ = {
			isa = PBXContainerItemProxy;
			containerPortal = C7C2282C2FB728F600DA3270 /* Project object */;
			proxyType = 1;
			remoteGlobalIDString = C7C228332FB728F600DA3270;
			remoteInfo = CatsAndModules_AlinaKharchenko;
		};
/* End PBXContainerItemProxy section */

/* Begin PBXFileReference section */
		C7BF68002FD1E2F5003FAEF2 /* CatsAndModulesUITests.xctest */ = {isa = PBXFileReference; explicitFileType = wrapper.cfbundle; includeInIndex = 0; path = CatsAndModulesUITests.xctest; sourceTree = BUILT_PRODUCTS_DIR; };
		C7C228342FB728F600DA3270 /* CatsAndModules_AlinaKharchenko.app */ = {isa = PBXFileReference; explicitFileType = wrapper.application; includeInIndex = 0; path = CatsAndModules_AlinaKharchenko.app; sourceTree = BUILT_PRODUCTS_DIR; };
/* End PBXFileReference section */

/* Begin PBXFileSystemSynchronizedBuildFileExceptionSet section */
		C752739B2FCA22EF00E1AEFA /* Exceptions for "CatsAndModules_AlinaKharchenko" folder in "CatsAndModules_AlinaKharchenko" target */ = {
			isa = PBXFileSystemSynchronizedBuildFileExceptionSet;
			membershipExceptions = (
				Info.plist,
			);
			target = C7C228332FB728F600DA3270 /* CatsAndModules_AlinaKharchenko */;
		};
/* End PBXFileSystemSynchronizedBuildFileExceptionSet section */

/* Begin PBXFileSystemSynchronizedRootGroup section */
		C7BF68012FD1E2F5003FAEF2 /* CatsAndModulesUITests */ = {
			isa = PBXFileSystemSynchronizedRootGroup;
			path = CatsAndModulesUITests;
			sourceTree = "<group>";
		};
		C7C228362FB728F600DA3270 /* CatsAndModules_AlinaKharchenko */ = {
			isa = PBXFileSystemSynchronizedRootGroup;
			exceptions = (
				C752739B2FCA22EF00E1AEFA /* Exceptions for "CatsAndModules_AlinaKharchenko" folder in "CatsAndModules_AlinaKharchenko" target */,
			);
			path = CatsAndModules_AlinaKharchenko;
			sourceTree = "<group>";
		};
/* End PBXFileSystemSynchronizedRootGroup section */

/* Begin PBXFrameworksBuildPhase section */
		C7BF67FD2FD1E2F5003FAEF2 /* Frameworks */ = {
			isa = PBXFrameworksBuildPhase;
			buildActionMask = 2147483647;
			files = (
			);
			runOnlyForDeploymentPostprocessing = 0;
		};
		C7C228312FB728F600DA3270 /* Frameworks */ = {
			isa = PBXFrameworksBuildPhase;
			buildActionMask = 2147483647;
			files = (
				C7649DBD2FC2027B0046AADE /* FirebaseCrashlytics in Frameworks */,
				C7649DBB2FC2027B0046AADE /* FirebaseAnalytics in Frameworks */,
				C7649DBF2FC2027B0046AADE /* FirebasePerformance in Frameworks */,
				C7FD6D5F2FB772BB00AB4030 /* Networking in Frameworks */,
			);
			runOnlyForDeploymentPostprocessing = 0;
		};
/* End PBXFrameworksBuildPhase section */

/* Begin PBXGroup section */
		C7C2282B2FB728F600DA3270 = {
			isa = PBXGroup;
			children = (
				C7C228362FB728F600DA3270 /* CatsAndModules_AlinaKharchenko */,
				C7BF68012FD1E2F5003FAEF2 /* CatsAndModulesUITests */,
				C7FD6D5D2FB772BB00AB4030 /* Frameworks */,
				C7C228352FB728F600DA3270 /* Products */,
			);
			sourceTree = "<group>";
		};
		C7C228352FB728F600DA3270 /* Products */ = {
			isa = PBXGroup;
			children = (
				C7C228342FB728F600DA3270 /* CatsAndModules_AlinaKharchenko.app */,
				C7BF68002FD1E2F5003FAEF2 /* CatsAndModulesUITests.xctest */,
			);
			name = Products;
			sourceTree = "<group>";
		};
		C7FD6D5D2FB772BB00AB4030 /* Frameworks */ = {
			isa = PBXGroup;
			children = (
			);
			name = Frameworks;
			sourceTree = "<group>";
		};
/* End PBXGroup section */

/* Begin PBXNativeTarget section */
		C7BF67FF2FD1E2F5003FAEF2 /* CatsAndModulesUITests */ = {
			isa = PBXNativeTarget;
			buildConfigurationList = C7BF68082FD1E2F5003FAEF2 /* Build configuration list for PBXNativeTarget "CatsAndModulesUITests" */;
			buildPhases = (
				C7BF67FC2FD1E2F5003FAEF2 /* Sources */,
				C7BF67FD2FD1E2F5003FAEF2 /* Frameworks */,
				C7BF67FE2FD1E2F5003FAEF2 /* Resources */,
			);
			buildRules = (
			);
			dependencies = (
				C7BF68072FD1E2F5003FAEF2 /* PBXTargetDependency */,
			);
			fileSystemSynchronizedGroups = (
				C7BF68012FD1E2F5003FAEF2 /* CatsAndModulesUITests */,
			);
			name = CatsAndModulesUITests;
			packageProductDependencies = (
			);
			productName = CatsAndModulesUITests;
			productReference = C7BF68002FD1E2F5003FAEF2 /* CatsAndModulesUITests.xctest */;
			productType = "com.apple.product-type.bundle.ui-testing";
		};
		C7C228332FB728F600DA3270 /* CatsAndModules_AlinaKharchenko */ = {
			isa = PBXNativeTarget;
			buildConfigurationList = C7C2283F2FB728FA00DA3270 /* Build configuration list for PBXNativeTarget "CatsAndModules_AlinaKharchenko" */;
			buildPhases = (
				C7C228302FB728F600DA3270 /* Sources */,
				C7C228312FB728F600DA3270 /* Frameworks */,
				C7C228322FB728F600DA3270 /* Resources */,
			);
			buildRules = (
			);
			dependencies = (
			);
			fileSystemSynchronizedGroups = (
				C7C228362FB728F600DA3270 /* CatsAndModules_AlinaKharchenko */,
			);
			name = CatsAndModules_AlinaKharchenko;
			packageProductDependencies = (
				C7FD6D5E2FB772BB00AB4030 /* Networking */,
				C7649DBA2FC2027B0046AADE /* FirebaseAnalytics */,
				C7649DBC2FC2027B0046AADE /* FirebaseCrashlytics */,
				C7649DBE2FC2027B0046AADE /* FirebasePerformance */,
			);
			productName = CatsAndModules_AlinaKharchenko;
			productReference = C7C228342FB728F600DA3270 /* CatsAndModules_AlinaKharchenko.app */;
			productType = "com.apple.product-type.application";
		};
/* End PBXNativeTarget section */

/* Begin PBXProject section */
		C7C2282C2FB728F600DA3270 /* Project object */ = {
			isa = PBXProject;
			attributes = {
				BuildIndependentTargetsInParallel = 1;
				LastSwiftUpdateCheck = 2600;
				LastUpgradeCheck = 2600;
				TargetAttributes = {
					C7BF67FF2FD1E2F5003FAEF2 = {
						CreatedOnToolsVersion = 26.0.1;
						TestTargetID = C7C228332FB728F600DA3270;
					};
					C7C228332FB728F600DA3270 = {
						CreatedOnToolsVersion = 26.0.1;
					};
				};
			};
			buildConfigurationList = C7C2282F2FB728F600DA3270 /* Build configuration list for PBXProject "CatsAndModules_AlinaKharchenko" */;
			developmentRegion = en;
			hasScannedForEncodings = 0;
			knownRegions = (
				en,
				Base,
			);
			mainGroup = C7C2282B2FB728F600DA3270;
			minimizedProjectReferenceProxies = 1;
			packageReferences = (
				C7649DB92FC2027B0046AADE /* XCRemoteSwiftPackageReference "firebase-ios-sdk" */,
			);
			preferredProjectObjectVersion = 77;
			productRefGroup = C7C228352FB728F600DA3270 /* Products */;
			projectDirPath = "";
			projectRoot = "";
			targets = (
				C7C228332FB728F600DA3270 /* CatsAndModules_AlinaKharchenko */,
				C7BF67FF2FD1E2F5003FAEF2 /* CatsAndModulesUITests */,
			);
		};
/* End PBXProject section */

/* Begin PBXResourcesBuildPhase section */
		C7BF67FE2FD1E2F5003FAEF2 /* Resources */ = {
			isa = PBXResourcesBuildPhase;
			buildActionMask = 2147483647;
			files = (
			);
			runOnlyForDeploymentPostprocessing = 0;
		};
		C7C228322FB728F600DA3270 /* Resources */ = {
			isa = PBXResourcesBuildPhase;
			buildActionMask = 2147483647;
			files = (
			);
			runOnlyForDeploymentPostprocessing = 0;
		};
/* End PBXResourcesBuildPhase section */

/* Begin PBXSourcesBuildPhase section */
		C7BF67FC2FD1E2F5003FAEF2 /* Sources */ = {
			isa = PBXSourcesBuildPhase;
			buildActionMask = 2147483647;
			files = (
			);
			runOnlyForDeploymentPostprocessing = 0;
		};
		C7C228302FB728F600DA3270 /* Sources */ = {
			isa = PBXSourcesBuildPhase;
			buildActionMask = 2147483647;
			files = (
			);
			runOnlyForDeploymentPostprocessing = 0;
		};
/* End PBXSourcesBuildPhase section */

/* Begin PBXTargetDependency section */
		C7BF68072FD1E2F5003FAEF2 /* PBXTargetDependency */ = {
			isa = PBXTargetDependency;
			target = C7C228332FB728F600DA3270 /* CatsAndModules_AlinaKharchenko */;
			targetProxy = C7BF68062FD1E2F5003FAEF2 /* PBXContainerItemProxy */;
		};
/* End PBXTargetDependency section */

/* Begin XCBuildConfiguration section */
		C7BF68092FD1E2F5003FAEF2 /* Debug */ = {
			isa = XCBuildConfiguration;
			buildSettings = {
				CODE_SIGN_STYLE = Automatic;
				CURRENT_PROJECT_VERSION = 1;
				DEVELOPMENT_TEAM = 3PF3SA4F9K;
				GENERATE_INFOPLIST_FILE = YES;
				MARKETING_VERSION = 1.0;
				PRODUCT_BUNDLE_IDENTIFIER = naukmaSwift.CatsAndModulesUITests;
				PRODUCT_NAME = "$(TARGET_NAME)";
				STRING_CATALOG_GENERATE_SYMBOLS = NO;
				SWIFT_APPROACHABLE_CONCURRENCY = YES;
				SWIFT_EMIT_LOC_STRINGS = NO;
				SWIFT_UPCOMING_FEATURE_MEMBER_IMPORT_VISIBILITY = YES;
				SWIFT_VERSION = 5.0;
				TARGETED_DEVICE_FAMILY = "1,2";
				TEST_TARGET_NAME = CatsAndModules_AlinaKharchenko;
			};
			name = Debug;
		};
		C7BF680A2FD1E2F5003FAEF2 /* Release */ = {
			isa = XCBuildConfiguration;
			buildSettings = {
				CODE_SIGN_STYLE = Automatic;
				CURRENT_PROJECT_VERSION = 1;
				DEVELOPMENT_TEAM = 3PF3SA4F9K;
				GENERATE_INFOPLIST_FILE = YES;
				MARKETING_VERSION = 1.0;
				PRODUCT_BUNDLE_IDENTIFIER = naukmaSwift.CatsAndModulesUITests;
				PRODUCT_NAME = "$(TARGET_NAME)";
				STRING_CATALOG_GENERATE_SYMBOLS = NO;
				SWIFT_APPROACHABLE_CONCURRENCY = YES;
				SWIFT_EMIT_LOC_STRINGS = NO;
				SWIFT_UPCOMING_FEATURE_MEMBER_IMPORT_VISIBILITY = YES;
				SWIFT_VERSION = 5.0;
				TARGETED_DEVICE_FAMILY = "1,2";
				TEST_TARGET_NAME = CatsAndModules_AlinaKharchenko;
			};
			name = Release;
		};
		C7C2283D2FB728FA00DA3270 /* Debug */ = {
			isa = XCBuildConfiguration;
			buildSettings = {
				ALWAYS_SEARCH_USER_PATHS = NO;
				ASSETCATALOG_COMPILER_GENERATE_SWIFT_ASSET_SYMBOL_EXTENSIONS = YES;
				CLANG_ANALYZER_NONNULL = YES;
				CLANG_ANALYZER_NUMBER_OBJECT_CONVERSION = YES_AGGRESSIVE;
				CLANG_CXX_LANGUAGE_STANDARD = "gnu++20";
				CLANG_ENABLE_MODULES = YES;
				CLANG_ENABLE_OBJC_ARC = YES;
				CLANG_ENABLE_OBJC_WEAK = YES;
				CLANG_WARN_BLOCK_CAPTURE_AUTORELEASING = YES;
				CLANG_WARN_BOOL_CONVERSION = YES;
				CLANG_WARN_COMMA = YES;
				CLANG_WARN_CONSTANT_CONVERSION = YES;
				CLANG_WARN_DEPRECATED_OBJC_IMPLEMENTATIONS = YES;
				CLANG_WARN_DIRECT_OBJC_ISA_USAGE = YES_ERROR;
				CLANG_WARN_DOCUMENTATION_COMMENTS = YES;
				CLANG_WARN_EMPTY_BODY = YES;
				CLANG_WARN_ENUM_CONVERSION = YES;
				CLANG_WARN_INFINITE_RECURSION = YES;
				CLANG_WARN_INT_CONVERSION = YES;
				CLANG_WARN_NON_LITERAL_NULL_CONVERSION = YES;
				CLANG_WARN_OBJC_IMPLICIT_RETAIN_SELF = YES;
				CLANG_WARN_OBJC_LITERAL_CONVERSION = YES;
				CLANG_WARN_OBJC_ROOT_CLASS = YES_ERROR;
				CLANG_WARN_QUOTED_INCLUDE_IN_FRAMEWORK_HEADER = YES;
				CLANG_WARN_RANGE_LOOP_ANALYSIS = YES;
				CLANG_WARN_STRICT_PROTOTYPES = YES;
				CLANG_WARN_SUSPICIOUS_MOVE = YES;
				CLANG_WARN_UNGUARDED_AVAILABILITY = YES_AGGRESSIVE;
				CLANG_WARN_UNREACHABLE_CODE = YES;
				CLANG_WARN__DUPLICATE_METHOD_MATCH = YES;
				COPY_PHASE_STRIP = NO;
				DEBUG_INFORMATION_FORMAT = dwarf;
				DEVELOPMENT_TEAM = 3PF3SA4F9K;
				ENABLE_STRICT_OBJC_MSGSEND = YES;
				ENABLE_TESTABILITY = YES;
				ENABLE_USER_SCRIPT_SANDBOXING = YES;
				GCC_C_LANGUAGE_STANDARD = gnu17;
				GCC_DYNAMIC_NO_PIC = NO;
				GCC_NO_COMMON_BLOCKS = YES;
				GCC_OPTIMIZATION_LEVEL = 0;
				GCC_PREPROCESSOR_DEFINITIONS = (
					"DEBUG=1",
					"$(inherited)",
				);
				GCC_WARN_64_TO_32_BIT_CONVERSION = YES;
				GCC_WARN_ABOUT_RETURN_TYPE = YES_ERROR;
				GCC_WARN_UNDECLARED_SELECTOR = YES;
				GCC_WARN_UNINITIALIZED_AUTOS = YES_AGGRESSIVE;
				GCC_WARN_UNUSED_FUNCTION = YES;
				GCC_WARN_UNUSED_VARIABLE = YES;
				IPHONEOS_DEPLOYMENT_TARGET = 26.0;
				LOCALIZATION_PREFERS_STRING_CATALOGS = YES;
				MTL_ENABLE_DEBUG_INFO = INCLUDE_SOURCE;
				MTL_FAST_MATH = YES;
				ONLY_ACTIVE_ARCH = YES;
				SDKROOT = iphoneos;
				SWIFT_ACTIVE_COMPILATION_CONDITIONS = "DEBUG $(inherited)";
				SWIFT_OPTIMIZATION_LEVEL = "-Onone";
			};
			name = Debug;
		};
		C7C2283E2FB728FA00DA3270 /* Release */ = {
			isa = XCBuildConfiguration;
			buildSettings = {
				ALWAYS_SEARCH_USER_PATHS = NO;
				ASSETCATALOG_COMPILER_GENERATE_SWIFT_ASSET_SYMBOL_EXTENSIONS = YES;
				CLANG_ANALYZER_NONNULL = YES;
				CLANG_ANALYZER_NUMBER_OBJECT_CONVERSION = YES_AGGRESSIVE;
				CLANG_CXX_LANGUAGE_STANDARD = "gnu++20";
				CLANG_ENABLE_MODULES = YES;
				CLANG_ENABLE_OBJC_ARC = YES;
				CLANG_ENABLE_OBJC_WEAK = YES;
				CLANG_WARN_BLOCK_CAPTURE_AUTORELEASING = YES;
				CLANG_WARN_BOOL_CONVERSION = YES;
				CLANG_WARN_COMMA = YES;
				CLANG_WARN_CONSTANT_CONVERSION = YES;
				CLANG_WARN_DEPRECATED_OBJC_IMPLEMENTATIONS = YES;
				CLANG_WARN_DIRECT_OBJC_ISA_USAGE = YES_ERROR;
				CLANG_WARN_DOCUMENTATION_COMMENTS = YES;
				CLANG_WARN_EMPTY_BODY = YES;
				CLANG_WARN_ENUM_CONVERSION = YES;
				CLANG_WARN_INFINITE_RECURSION = YES;
				CLANG_WARN_INT_CONVERSION = YES;
				CLANG_WARN_NON_LITERAL_NULL_CONVERSION = YES;
				CLANG_WARN_OBJC_IMPLICIT_RETAIN_SELF = YES;
				CLANG_WARN_OBJC_LITERAL_CONVERSION = YES;
				CLANG_WARN_OBJC_ROOT_CLASS = YES_ERROR;
				CLANG_WARN_QUOTED_INCLUDE_IN_FRAMEWORK_HEADER = YES;
				CLANG_WARN_RANGE_LOOP_ANALYSIS = YES;
				CLANG_WARN_STRICT_PROTOTYPES = YES;
				CLANG_WARN_SUSPICIOUS_MOVE = YES;
				CLANG_WARN_UNGUARDED_AVAILABILITY = YES_AGGRESSIVE;
				CLANG_WARN_UNREACHABLE_CODE = YES;
				CLANG_WARN__DUPLICATE_METHOD_MATCH = YES;
				COPY_PHASE_STRIP = NO;
				DEBUG_INFORMATION_FORMAT = "dwarf-with-dsym";
				DEVELOPMENT_TEAM = 3PF3SA4F9K;
				ENABLE_NS_ASSERTIONS = NO;
				ENABLE_STRICT_OBJC_MSGSEND = YES;
				ENABLE_USER_SCRIPT_SANDBOXING = YES;
				GCC_C_LANGUAGE_STANDARD = gnu17;
				GCC_NO_COMMON_BLOCKS = YES;
				GCC_WARN_64_TO_32_BIT_CONVERSION = YES;
				GCC_WARN_ABOUT_RETURN_TYPE = YES_ERROR;
				GCC_WARN_UNDECLARED_SELECTOR = YES;
				GCC_WARN_UNINITIALIZED_AUTOS = YES_AGGRESSIVE;
				GCC_WARN_UNUSED_FUNCTION = YES;
				GCC_WARN_UNUSED_VARIABLE = YES;
				IPHONEOS_DEPLOYMENT_TARGET = 26.0;
				LOCALIZATION_PREFERS_STRING_CATALOGS = YES;
				MTL_ENABLE_DEBUG_INFO = NO;
				MTL_FAST_MATH = YES;
				SDKROOT = iphoneos;
				SWIFT_COMPILATION_MODE = wholemodule;
				VALIDATE_PRODUCT = YES;
			};
			name = Release;
		};
		C7C228402FB728FA00DA3270 /* Debug */ = {
			isa = XCBuildConfiguration;
			buildSettings = {
				ASSETCATALOG_COMPILER_APPICON_NAME = AppIcon;
				ASSETCATALOG_COMPILER_GLOBAL_ACCENT_COLOR_NAME = AccentColor;
				"CODE_SIGN_IDENTITY[sdk=iphoneos*]" = "iPhone Developer";
				CODE_SIGN_STYLE = Manual;
				CURRENT_PROJECT_VERSION = 1;
				DEBUG_INFORMATION_FORMAT = "dwarf-with-dsym";
				DEVELOPMENT_TEAM = "";
				"DEVELOPMENT_TEAM[sdk=iphoneos*]" = D85QWSUNYA;
				ENABLE_PREVIEWS = YES;
				GENERATE_INFOPLIST_FILE = YES;
				INFOPLIST_KEY_UIApplicationSceneManifest_Generation = YES;
				INFOPLIST_KEY_UIApplicationSupportsIndirectInputEvents = YES;
				INFOPLIST_KEY_UILaunchScreen_Generation = YES;
				INFOPLIST_KEY_UISupportedInterfaceOrientations_iPad = "UIInterfaceOrientationPortrait UIInterfaceOrientationPortraitUpsideDown UIInterfaceOrientationLandscapeLeft UIInterfaceOrientationLandscapeRight";
				INFOPLIST_KEY_UISupportedInterfaceOrientations_iPhone = "UIInterfaceOrientationPortrait UIInterfaceOrientationLandscapeLeft UIInterfaceOrientationLandscapeRight";
				LD_RUNPATH_SEARCH_PATHS = (
					"$(inherited)",
					"@executable_path/Frameworks",
				);
				MARKETING_VERSION = 1.1;
				PRODUCT_BUNDLE_IDENTIFIER = "ua.edu.ukma.apple-env.kharchenko.cats-and-modules-kharchenko";
				PRODUCT_NAME = "$(TARGET_NAME)";
				PROVISIONING_PROFILE_SPECIFIER = "";
				"PROVISIONING_PROFILE_SPECIFIER[sdk=iphoneos*]" = "Apple-ENV Kharchenko";
				STRING_CATALOG_GENERATE_SYMBOLS = YES;
				SUPPORTED_PLATFORMS = "iphoneos iphonesimulator";
				SUPPORTS_MACCATALYST = NO;
				SUPPORTS_XR_DESIGNED_FOR_IPHONE_IPAD = NO;
				SWIFT_APPROACHABLE_CONCURRENCY = YES;
				SWIFT_DEFAULT_ACTOR_ISOLATION = MainActor;
				SWIFT_EMIT_LOC_STRINGS = YES;
				SWIFT_UPCOMING_FEATURE_MEMBER_IMPORT_VISIBILITY = YES;
				SWIFT_VERSION = 5.0;
				TARGETED_DEVICE_FAMILY = "1,2";
			};
			name = Debug;
		};
		C7C228412FB728FA00DA3270 /* Release */ = {
			isa = XCBuildConfiguration;
			buildSettings = {
				ASSETCATALOG_COMPILER_APPICON_NAME = AppIcon;
				ASSETCATALOG_COMPILER_GLOBAL_ACCENT_COLOR_NAME = AccentColor;
				"CODE_SIGN_IDENTITY[sdk=iphoneos*]" = "iPhone Developer";
				CODE_SIGN_STYLE = Manual;
				CURRENT_PROJECT_VERSION = 1;
				DEVELOPMENT_TEAM = "";
				"DEVELOPMENT_TEAM[sdk=iphoneos*]" = D85QWSUNYA;
				ENABLE_PREVIEWS = YES;
				GENERATE_INFOPLIST_FILE = YES;
				INFOPLIST_KEY_UIApplicationSceneManifest_Generation = YES;
				INFOPLIST_KEY_UIApplicationSupportsIndirectInputEvents = YES;
				INFOPLIST_KEY_UILaunchScreen_Generation = YES;
				INFOPLIST_KEY_UISupportedInterfaceOrientations_iPad = "UIInterfaceOrientationPortrait UIInterfaceOrientationPortraitUpsideDown UIInterfaceOrientationLandscapeLeft UIInterfaceOrientationLandscapeRight";
				INFOPLIST_KEY_UISupportedInterfaceOrientations_iPhone = "UIInterfaceOrientationPortrait UIInterfaceOrientationLandscapeLeft UIInterfaceOrientationLandscapeRight";
				LD_RUNPATH_SEARCH_PATHS = (
					"$(inherited)",
					"@executable_path/Frameworks",
				);
				MARKETING_VERSION = 1.1;
				PRODUCT_BUNDLE_IDENTIFIER = "ua.edu.ukma.apple-env.kharchenko.cats-and-modules-kharchenko";
				PRODUCT_NAME = "$(TARGET_NAME)";
				PROVISIONING_PROFILE_SPECIFIER = "";
				"PROVISIONING_PROFILE_SPECIFIER[sdk=iphoneos*]" = "Apple-ENV Kharchenko";
				STRING_CATALOG_GENERATE_SYMBOLS = YES;
				SUPPORTED_PLATFORMS = "iphoneos iphonesimulator";
				SUPPORTS_MACCATALYST = NO;
				SUPPORTS_XR_DESIGNED_FOR_IPHONE_IPAD = NO;
				SWIFT_APPROACHABLE_CONCURRENCY = YES;
				SWIFT_DEFAULT_ACTOR_ISOLATION = MainActor;
				SWIFT_EMIT_LOC_STRINGS = YES;
				SWIFT_UPCOMING_FEATURE_MEMBER_IMPORT_VISIBILITY = YES;
				SWIFT_VERSION = 5.0;
				TARGETED_DEVICE_FAMILY = "1,2";
			};
			name = Release;
		};
/* End XCBuildConfiguration section */

/* Begin XCConfigurationList section */
		C7BF68082FD1E2F5003FAEF2 /* Build configuration list for PBXNativeTarget "CatsAndModulesUITests" */ = {
			isa = XCConfigurationList;
			buildConfigurations = (
				C7BF68092FD1E2F5003FAEF2 /* Debug */,
				C7BF680A2FD1E2F5003FAEF2 /* Release */,
			);
			defaultConfigurationIsVisible = 0;
			defaultConfigurationName = Release;
		};
		C7C2282F2FB728F600DA3270 /* Build configuration list for PBXProject "CatsAndModules_AlinaKharchenko" */ = {
			isa = XCConfigurationList;
			buildConfigurations = (
				C7C2283D2FB728FA00DA3270 /* Debug */,
				C7C2283E2FB728FA00DA3270 /* Release */,
			);
			defaultConfigurationIsVisible = 0;
			defaultConfigurationName = Release;
		};
		C7C2283F2FB728FA00DA3270 /* Build configuration list for PBXNativeTarget "CatsAndModules_AlinaKharchenko" */ = {
			isa = XCConfigurationList;
			buildConfigurations = (
				C7C228402FB728FA00DA3270 /* Debug */,
				C7C228412FB728FA00DA3270 /* Release */,
			);
			defaultConfigurationIsVisible = 0;
			defaultConfigurationName = Release;
		};
/* End XCConfigurationList section */

/* Begin XCRemoteSwiftPackageReference section */
		C7649DB92FC2027B0046AADE /* XCRemoteSwiftPackageReference "firebase-ios-sdk" */ = {
			isa = XCRemoteSwiftPackageReference;
			repositoryURL = "https://github.com/firebase/firebase-ios-sdk";
			requirement = {
				kind = upToNextMajorVersion;
				minimumVersion = 12.13.0;
			};
		};
/* End XCRemoteSwiftPackageReference section */

/* Begin XCSwiftPackageProductDependency section */
		C7649DBA2FC2027B0046AADE /* FirebaseAnalytics */ = {
			isa = XCSwiftPackageProductDependency;
			package = C7649DB92FC2027B0046AADE /* XCRemoteSwiftPackageReference "firebase-ios-sdk" */;
			productName = FirebaseAnalytics;
		};
		C7649DBC2FC2027B0046AADE /* FirebaseCrashlytics */ = {
			isa = XCSwiftPackageProductDependency;
			package = C7649DB92FC2027B0046AADE /* XCRemoteSwiftPackageReference "firebase-ios-sdk" */;
			productName = FirebaseCrashlytics;
		};
		C7649DBE2FC2027B0046AADE /* FirebasePerformance */ = {
			isa = XCSwiftPackageProductDependency;
			package = C7649DB92FC2027B0046AADE /* XCRemoteSwiftPackageReference "firebase-ios-sdk" */;
			productName = FirebasePerformance;
		};
		C7FD6D5E2FB772BB00AB4030 /* Networking */ = {
			isa = XCSwiftPackageProductDependency;
			productName = Networking;
		};
/* End XCSwiftPackageProductDependency section */
	};
	rootObject = C7C2282C2FB728F600DA3270 /* Project object */;
}
